
Microsoft Visual Studio Solution File, Format Version 12.00
# Visual Studio 15
Project("{FAE04EC0-301F-11D3-BF4B-00C04F79EFBC}") = "Assembly-CSharp", "Assembly-CSharp.csproj", "{D00DB71D-A17D-CD7F-FF1A-F72C0CAD6C8F}"
EndProject
Project("{FAE04EC0-301F-11D3-BF4B-00C04F79EFBC}") = "Assembly-CSharp-Editor", "Assembly-CSharp-Editor.csproj", "{52708262-48BC-AC85-3DE7-0C564F630161}"
EndProject
Global
	GlobalSection(SolutionConfigurationPlatforms) = preSolution
		Debug|Any CPU = Debug|Any CPU
		Release|Any CPU = Release|Any CPU
	EndGlobalSection
	GlobalSection(ProjectConfigurationPlatforms) = postSolution
		{D00DB71D-A17D-CD7F-FF1A-F72C0CAD6C8F}.Debug|Any CPU.ActiveCfg = Debug|Any CPU
		{D00DB71D-A17D-CD7F-FF1A-F72C0CAD6C8F}.Debug|Any CPU.Build.0 = Debug|Any CPU
		{D00DB71D-A17D-CD7F-FF1A-F72C0CAD6C8F}.Release|Any CPU.ActiveCfg = Release|Any CPU
		{D00DB71D-A17D-CD7F-FF1A-F72C0CAD6C8F}.Release|Any CPU.Build.0 = Release|Any CPU
		{52708262-48BC-AC85-3DE7-0C564F630161}.Debug|Any CPU.ActiveCfg = Debug|Any CPU
		{52708262-48BC-AC85-3DE7-0C564F630161}.Debug|Any CPU.Build.0 = Debug|Any CPU
		{52708262-48BC-AC85-3DE7-0C564F630161}.Release|Any CPU.ActiveCfg = Release|Any CPU
		{52708262-48BC-AC85-3DE7-0C564F630161}.Release|Any CPU.Build.0 = Release|Any CPU
	EndGlobalSection
	GlobalSection(SolutionProperties) = preSolution
		HideSolutionNode = FALSE
	EndGlobalSection
EndGlobal
